
Microsoft Visual Studio Solution File, Format Version 12.00
# Visual Studio Version 17
VisualStudioVersion = 17.8.34408.163
MinimumVisualStudioVersion = 10.0.40219.1
Project("{FAE04EC0-301F-11D3-BF4B-00C04F79EFBC}") = "SignalRApi", "SignalRApi\SignalRApi.csproj", "{5724C49F-996F-46EE-BB11-7522CAB5BEF7}"
EndProject
Project("{FAE04EC0-301F-11D3-BF4B-00C04F79EFBC}") = "SignalRWebUI", "SignalRWebUI\SignalRWebUI.csproj", "{55C942E4-5E40-4281-B850-0701F6CA047B}"
EndProject
Project("{FAE04EC0-301F-11D3-BF4B-00C04F79EFBC}") = "SignalR.EntitiyLayer", "SignalR.EntitiyLayer\SignalR.EntitiyLayer.csproj", "{FD11241E-7E56-4981-BC9D-D1E82C80FA45}"
EndProject
Project("{FAE04EC0-301F-11D3-BF4B-00C04F79EFBC}") = "SignalR.DataAccessLayer", "SignalR.DataAccessLayer\SignalR.DataAccessLayer.csproj", "{E36EF272-FEF0-4340-BFA9-393A9DECB0BC}"
EndProject
Project("{FAE04EC0-301F-11D3-BF4B-00C04F79EFBC}") = "SignalR.DtoLayer", "SignalR.DtoLayer\SignalR.DtoLayer.csproj", "{25A34A2F-FF33-4E70-836E-77935F4E0F74}"
EndProject
Project("{FAE04EC0-301F-11D3-BF4B-00C04F79EFBC}") = "SignalR.BusinessLayer", "SignalR.BusinessLayer\SignalR.BusinessLayer.csproj", "{7BB88176-119A-4C64-B55B-811906E27585}"
EndProject
Global
	GlobalSection(SolutionConfigurationPlatforms) = preSolution
		Debug|Any CPU = Debug|Any CPU
		Release|Any CPU = Release|Any CPU
	EndGlobalSection
	GlobalSection(ProjectConfigurationPlatforms) = postSolution
		{5724C49F-996F-46EE-BB11-7522CAB5BEF7}.Debug|Any CPU.ActiveCfg = Debug|Any CPU
		{5724C49F-996F-46EE-BB11-7522CAB5BEF7}.Debug|Any CPU.Build.0 = Debug|Any CPU
		{5724C49F-996F-46EE-BB11-7522CAB5BEF7}.Release|Any CPU.ActiveCfg = Release|Any CPU
		{5724C49F-996F-46EE-BB11-7522CAB5BEF7}.Release|Any CPU.Build.0 = Release|Any CPU
		{55C942E4-5E40-4281-B850-0701F6CA047B}.Debug|Any CPU.ActiveCfg = Debug|Any CPU
		{55C942E4-5E40-4281-B850-0701F6CA047B}.Debug|Any CPU.Build.0 = Debug|Any CPU
		{55C942E4-5E40-4281-B850-0701F6CA047B}.Release|Any CPU.ActiveCfg = Release|Any CPU
		{55C942E4-5E40-4281-B850-0701F6CA047B}.Release|Any CPU.Build.0 = Release|Any CPU
		{FD11241E-7E56-4981-BC9D-D1E82C80FA45}.Debug|Any CPU.ActiveCfg = Debug|Any CPU
		{FD11241E-7E56-4981-BC9D-D1E82C80FA45}.Debug|Any CPU.Build.0 = Debug|Any CPU
		{FD11241E-7E56-4981-BC9D-D1E82C80FA45}.Release|Any CPU.ActiveCfg = Release|Any CPU
		{FD11241E-7E56-4981-BC9D-D1E82C80FA45}.Release|Any CPU.Build.0 = Release|Any CPU
		{E36EF272-FEF0-4340-BFA9-393A9DECB0BC}.Debug|Any CPU.ActiveCfg = Debug|Any CPU
		{E36EF272-FEF0-4340-BFA9-393A9DECB0BC}.Debug|Any CPU.Build.0 = Debug|Any CPU
		{E36EF272-FEF0-4340-BFA9-393A9DECB0BC}.Release|Any CPU.ActiveCfg = Release|Any CPU
		{E36EF272-FEF0-4340-BFA9-393A9DECB0BC}.Release|Any CPU.Build.0 = Release|Any CPU
		{25A34A2F-FF33-4E70-836E-77935F4E0F74}.Debug|Any CPU.ActiveCfg = Debug|Any CPU
		{25A34A2F-FF33-4E70-836E-77935F4E0F74}.Debug|Any CPU.Build.0 = Debug|Any CPU
		{25A34A2F-FF33-4E70-836E-77935F4E0F74}.Release|Any CPU.ActiveCfg = Release|Any CPU
		{25A34A2F-FF33-4E70-836E-77935F4E0F74}.Release|Any CPU.Build.0 = Release|Any CPU
		{7BB88176-119A-4C64-B55B-811906E27585}.Debug|Any CPU.ActiveCfg = Debug|Any CPU
		{7BB88176-119A-4C64-B55B-811906E27585}.Debug|Any CPU.Build.0 = Debug|Any CPU
		{7BB88176-119A-4C64-B55B-811906E27585}.Release|Any CPU.ActiveCfg = Release|Any CPU
		{7BB88176-119A-4C64-B55B-811906E27585}.Release|Any CPU.Build.0 = Release|Any CPU
	EndGlobalSection
	GlobalSection(SolutionProperties) = preSolution
		HideSolutionNode = FALSE
	EndGlobalSection
	GlobalSection(ExtensibilityGlobals) = postSolution
		SolutionGuid = {1AFF2A10-6883-4A07-AE2A-A50D63C6124C}
	EndGlobalSection
EndGlobal
